
Microsoft Visual Studio Solution File, Format Version 12.00
# Visual Studio Version 17
VisualStudioVersion = 17.12.35521.163
MinimumVisualStudioVersion = 10.0.40219.1
Project("{8BC9CEB8-8B4A-11D0-8D11-00A0C91BC942}") = "Day1_part1", "Day1_part1\Day1_part1.vcxproj", "{D594AAD3-C42F-438D-BD2E-2053597E3022}"
EndProject
Project("{8BC9CEB8-8B4A-11D0-8D11-00A0C91BC942}") = "Day1_part2", "Day1_part2\Day1_part2.vcxproj", "{AF14D537-D1B0-4FD5-A608-9EC140F96D96}"
EndProject
Project("{8BC9CEB8-8B4A-11D0-8D11-00A0C91BC942}") = "Day2_part1", "Day2_part1\Day2_part1.vcxproj", "{9DED6200-CDAB-4B15-A112-FF198F1E13D6}"
EndProject
Project("{8BC9CEB8-8B4A-11D0-8D11-00A0C91BC942}") = "Day2_part2", "Day2_part2\Day2_part2.vcxproj", "{DB12CF68-2A45-4DAB-957B-66EEADFC8B29}"
EndProject
Project("{8BC9CEB8-8B4A-11D0-8D11-00A0C91BC942}") = "Day3_part1", "Day3_part1\Day3_part1.vcxproj", "{D07C676E-22EE-4419-A649-44475E492824}"
EndProject
Project("{8BC9CEB8-8B4A-11D0-8D11-00A0C91BC942}") = "Day3_part2", "Day3_part2\Day3_part2.vcxproj", "{49F8E788-88B1-4C61-AD03-FCEA7C3F1A4F}"
EndProject
Project("{8BC9CEB8-8B4A-11D0-8D11-00A0C91BC942}") = "Day4_part1", "Day4_part1\Day4_part1.vcxproj", "{F6D08617-391F-425F-A13C-6C55FFBF399E}"
EndProject
Project("{8BC9CEB8-8B4A-11D0-8D11-00A0C91BC942}") = "Day4_part2", "Day4_part2\Day4_part2.vcxproj", "{6B290ED4-39FE-4DC2-A2F2-8CA8D4F3CF98}"
EndProject
Project("{8BC9CEB8-8B4A-11D0-8D11-00A0C91BC942}") = "Day5_part1", "Day5_part1\Day5_part1.vcxproj", "{8F36D0AA-AAC9-40DA-BA72-88C8C7C904A7}"
EndProject
Project("{8BC9CEB8-8B4A-11D0-8D11-00A0C91BC942}") = "Day5_part2", "Day5_part2\Day5_part2.vcxproj", "{8A9DFC6E-3676-449C-BAC4-F2682E396736}"
EndProject
Project("{8BC9CEB8-8B4A-11D0-8D11-00A0C91BC942}") = "Day6_part1", "Day6_part1\Day6_part1.vcxproj", "{D08EAFEA-14CF-45C0-914D-805005BD0D15}"
EndProject
Project("{8BC9CEB8-8B4A-11D0-8D11-00A0C91BC942}") = "Day6_part2", "Day6_part2\Day6_part2.vcxproj", "{F9525127-E1A3-4927-AB34-0055F4A4624A}"
EndProject
Project("{8BC9CEB8-8B4A-11D0-8D11-00A0C91BC942}") = "Day7_part1", "Day7_part1\Day7_part1.vcxproj", "{8B6F7DEA-C32B-4D59-A565-AB14043A3167}"
EndProject
Project("{8BC9CEB8-8B4A-11D0-8D11-00A0C91BC942}") = "Day7_part2", "Day7_part2\Day7_part2.vcxproj", "{C7641A47-986A-46CE-A9CC-56A573934E88}"
EndProject
Project("{8BC9CEB8-8B4A-11D0-8D11-00A0C91BC942}") = "Day8_part1", "Day8_part2\Day8_part2.vcxproj", "{9AE94B97-522E-4F45-808D-4531FB6ED691}"
EndProject
Global
	GlobalSection(SolutionConfigurationPlatforms) = preSolution
		Debug|x64 = Debug|x64
		Debug|x86 = Debug|x86
		Release|x64 = Release|x64
		Release|x86 = Release|x86
	EndGlobalSection
	GlobalSection(ProjectConfigurationPlatforms) = postSolution
		{D594AAD3-C42F-438D-BD2E-2053597E3022}.Debug|x64.ActiveCfg = Debug|x64
		{D594AAD3-C42F-438D-BD2E-2053597E3022}.Debug|x64.Build.0 = Debug|x64
		{D594AAD3-C42F-438D-BD2E-2053597E3022}.Debug|x86.ActiveCfg = Debug|Win32
		{D594AAD3-C42F-438D-BD2E-2053597E3022}.Debug|x86.Build.0 = Debug|Win32
		{D594AAD3-C42F-438D-BD2E-2053597E3022}.Release|x64.ActiveCfg = Release|x64
		{D594AAD3-C42F-438D-BD2E-2053597E3022}.Release|x64.Build.0 = Release|x64
		{D594AAD3-C42F-438D-BD2E-2053597E3022}.Release|x86.ActiveCfg = Release|Win32
		{D594AAD3-C42F-438D-BD2E-2053597E3022}.Release|x86.Build.0 = Release|Win32
		{AF14D537-D1B0-4FD5-A608-9EC140F96D96}.Debug|x64.ActiveCfg = Debug|x64
		{AF14D537-D1B0-4FD5-A608-9EC140F96D96}.Debug|x64.Build.0 = Debug|x64
		{AF14D537-D1B0-4FD5-A608-9EC140F96D96}.Debug|x86.ActiveCfg = Debug|Win32
		{AF14D537-D1B0-4FD5-A608-9EC140F96D96}.Debug|x86.Build.0 = Debug|Win32
		{AF14D537-D1B0-4FD5-A608-9EC140F96D96}.Release|x64.ActiveCfg = Release|x64
		{AF14D537-D1B0-4FD5-A608-9EC140F96D96}.Release|x64.Build.0 = Release|x64
		{AF14D537-D1B0-4FD5-A608-9EC140F96D96}.Release|x86.ActiveCfg = Release|Win32
		{AF14D537-D1B0-4FD5-A608-9EC140F96D96}.Release|x86.Build.0 = Release|Win32
		{9DED6200-CDAB-4B15-A112-FF198F1E13D6}.Debug|x64.ActiveCfg = Debug|x64
		{9DED6200-CDAB-4B15-A112-FF198F1E13D6}.Debug|x64.Build.0 = Debug|x64
		{9DED6200-CDAB-4B15-A112-FF198F1E13D6}.Debug|x86.ActiveCfg = Debug|Win32
		{9DED6200-CDAB-4B15-A112-FF198F1E13D6}.Debug|x86.Build.0 = Debug|Win32
		{9DED6200-CDAB-4B15-A112-FF198F1E13D6}.Release|x64.ActiveCfg = Release|x64
		{9DED6200-CDAB-4B15-A112-FF198F1E13D6}.Release|x64.Build.0 = Release|x64
		{9DED6200-CDAB-4B15-A112-FF198F1E13D6}.Release|x86.ActiveCfg = Release|Win32
		{9DED6200-CDAB-4B15-A112-FF198F1E13D6}.Release|x86.Build.0 = Release|Win32
		{DB12CF68-2A45-4DAB-957B-66EEADFC8B29}.Debug|x64.ActiveCfg = Debug|x64
		{DB12CF68-2A45-4DAB-957B-66EEADFC8B29}.Debug|x64.Build.0 = Debug|x64
		{DB12CF68-2A45-4DAB-957B-66EEADFC8B29}.Debug|x86.ActiveCfg = Debug|Win32
		{DB12CF68-2A45-4DAB-957B-66EEADFC8B29}.Debug|x86.Build.0 = Debug|Win32
		{DB12CF68-2A45-4DAB-957B-66EEADFC8B29}.Release|x64.ActiveCfg = Release|x64
		{DB12CF68-2A45-4DAB-957B-66EEADFC8B29}.Release|x64.Build.0 = Release|x64
		{DB12CF68-2A45-4DAB-957B-66EEADFC8B29}.Release|x86.ActiveCfg = Release|Win32
		{DB12CF68-2A45-4DAB-957B-66EEADFC8B29}.Release|x86.Build.0 = Release|Win32
		{D07C676E-22EE-4419-A649-44475E492824}.Debug|x64.ActiveCfg = Debug|x64
		{D07C676E-22EE-4419-A649-44475E492824}.Debug|x64.Build.0 = Debug|x64
		{D07C676E-22EE-4419-A649-44475E492824}.Debug|x86.ActiveCfg = Debug|Win32
		{D07C676E-22EE-4419-A649-44475E492824}.Debug|x86.Build.0 = Debug|Win32
		{D07C676E-22EE-4419-A649-44475E492824}.Release|x64.ActiveCfg = Release|x64
		{D07C676E-22EE-4419-A649-44475E492824}.Release|x64.Build.0 = Release|x64
		{D07C676E-22EE-4419-A649-44475E492824}.Release|x86.ActiveCfg = Release|Win32
		{D07C676E-22EE-4419-A649-44475E492824}.Release|x86.Build.0 = Release|Win32
		{49F8E788-88B1-4C61-AD03-FCEA7C3F1A4F}.Debug|x64.ActiveCfg = Debug|x64
		{49F8E788-88B1-4C61-AD03-FCEA7C3F1A4F}.Debug|x64.Build.0 = Debug|x64
		{49F8E788-88B1-4C61-AD03-FCEA7C3F1A4F}.Debug|x86.ActiveCfg = Debug|Win32
		{49F8E788-88B1-4C61-AD03-FCEA7C3F1A4F}.Debug|x86.Build.0 = Debug|Win32
		{49F8E788-88B1-4C61-AD03-FCEA7C3F1A4F}.Release|x64.ActiveCfg = Release|x64
		{49F8E788-88B1-4C61-AD03-FCEA7C3F1A4F}.Release|x64.Build.0 = Release|x64
		{49F8E788-88B1-4C61-AD03-FCEA7C3F1A4F}.Release|x86.ActiveCfg = Release|Win32
		{49F8E788-88B1-4C61-AD03-FCEA7C3F1A4F}.Release|x86.Build.0 = Release|Win32
		{F6D08617-391F-425F-A13C-6C55FFBF399E}.Debug|x64.ActiveCfg = Debug|x64
		{F6D08617-391F-425F-A13C-6C55FFBF399E}.Debug|x64.Build.0 = Debug|x64
		{F6D08617-391F-425F-A13C-6C55FFBF399E}.Debug|x86.ActiveCfg = Debug|Win32
		{F6D08617-391F-425F-A13C-6C55FFBF399E}.Debug|x86.Build.0 = Debug|Win32
		{F6D08617-391F-425F-A13C-6C55FFBF399E}.Release|x64.ActiveCfg = Release|x64
		{F6D08617-391F-425F-A13C-6C55FFBF399E}.Release|x64.Build.0 = Release|x64
		{F6D08617-391F-425F-A13C-6C55FFBF399E}.Release|x86.ActiveCfg = Release|Win32
		{F6D08617-391F-425F-A13C-6C55FFBF399E}.Release|x86.Build.0 = Release|Win32
		{6B290ED4-39FE-4DC2-A2F2-8CA8D4F3CF98}.Debug|x64.ActiveCfg = Debug|x64
		{6B290ED4-39FE-4DC2-A2F2-8CA8D4F3CF98}.Debug|x64.Build.0 = Debug|x64
		{6B290ED4-39FE-4DC2-A2F2-8CA8D4F3CF98}.Debug|x86.ActiveCfg = Debug|Win32
		{6B290ED4-39FE-4DC2-A2F2-8CA8D4F3CF98}.Debug|x86.Build.0 = Debug|Win32
		{6B290ED4-39FE-4DC2-A2F2-8CA8D4F3CF98}.Release|x64.ActiveCfg = Release|x64
		{6B290ED4-39FE-4DC2-A2F2-8CA8D4F3CF98}.Release|x64.Build.0 = Release|x64
		{6B290ED4-39FE-4DC2-A2F2-8CA8D4F3CF98}.Release|x86.ActiveCfg = Release|Win32
		{6B290ED4-39FE-4DC2-A2F2-8CA8D4F3CF98}.Release|x86.Build.0 = Release|Win32
		{8F36D0AA-AAC9-40DA-BA72-88C8C7C904A7}.Debug|x64.ActiveCfg = Debug|x64
		{8F36D0AA-AAC9-40DA-BA72-88C8C7C904A7}.Debug|x64.Build.0 = Debug|x64
		{8F36D0AA-AAC9-40DA-BA72-88C8C7C904A7}.Debug|x86.ActiveCfg = Debug|Win32
		{8F36D0AA-AAC9-40DA-BA72-88C8C7C904A7}.Debug|x86.Build.0 = Debug|Win32
		{8F36D0AA-AAC9-40DA-BA72-88C8C7C904A7}.Release|x64.ActiveCfg = Release|x64
		{8F36D0AA-AAC9-40DA-BA72-88C8C7C904A7}.Release|x64.Build.0 = Release|x64
		{8F36D0AA-AAC9-40DA-BA72-88C8C7C904A7}.Release|x86.ActiveCfg = Release|Win32
		{8F36D0AA-AAC9-40DA-BA72-88C8C7C904A7}.Release|x86.Build.0 = Release|Win32
		{8A9DFC6E-3676-449C-BAC4-F2682E396736}.Debug|x64.ActiveCfg = Debug|x64
		{8A9DFC6E-3676-449C-BAC4-F2682E396736}.Debug|x64.Build.0 = Debug|x64
		{8A9DFC6E-3676-449C-BAC4-F2682E396736}.Debug|x86.ActiveCfg = Debug|Win32
		{8A9DFC6E-3676-449C-BAC4-F2682E396736}.Debug|x86.Build.0 = Debug|Win32
		{8A9DFC6E-3676-449C-BAC4-F2682E396736}.Release|x64.ActiveCfg = Release|x64
		{8A9DFC6E-3676-449C-BAC4-F2682E396736}.Release|x64.Build.0 = Release|x64
		{8A9DFC6E-3676-449C-BAC4-F2682E396736}.Release|x86.ActiveCfg = Release|Win32
		{8A9DFC6E-3676-449C-BAC4-F2682E396736}.Release|x86.Build.0 = Release|Win32
		{D08EAFEA-14CF-45C0-914D-805005BD0D15}.Debug|x64.ActiveCfg = Debug|x64
		{D08EAFEA-14CF-45C0-914D-805005BD0D15}.Debug|x64.Build.0 = Debug|x64
		{D08EAFEA-14CF-45C0-914D-805005BD0D15}.Debug|x86.ActiveCfg = Debug|Win32
		{D08EAFEA-14CF-45C0-914D-805005BD0D15}.Debug|x86.Build.0 = Debug|Win32
		{D08EAFEA-14CF-45C0-914D-805005BD0D15}.Release|x64.ActiveCfg = Release|x64
		{D08EAFEA-14CF-45C0-914D-805005BD0D15}.Release|x64.Build.0 = Release|x64
		{D08EAFEA-14CF-45C0-914D-805005BD0D15}.Release|x86.ActiveCfg = Release|Win32
		{D08EAFEA-14CF-45C0-914D-805005BD0D15}.Release|x86.Build.0 = Release|Win32
		{F9525127-E1A3-4927-AB34-0055F4A4624A}.Debug|x64.ActiveCfg = Debug|x64
		{F9525127-E1A3-4927-AB34-0055F4A4624A}.Debug|x64.Build.0 = Debug|x64
		{F9525127-E1A3-4927-AB34-0055F4A4624A}.Debug|x86.ActiveCfg = Debug|Win32
		{F9525127-E1A3-4927-AB34-0055F4A4624A}.Debug|x86.Build.0 = Debug|Win32
		{F9525127-E1A3-4927-AB34-0055F4A4624A}.Release|x64.ActiveCfg = Release|x64
		{F9525127-E1A3-4927-AB34-0055F4A4624A}.Release|x64.Build.0 = Release|x64
		{F9525127-E1A3-4927-AB34-0055F4A4624A}.Release|x86.ActiveCfg = Release|Win32
		{F9525127-E1A3-4927-AB34-0055F4A4624A}.Release|x86.Build.0 = Release|Win32
		{8B6F7DEA-C32B-4D59-A565-AB14043A3167}.Debug|x64.ActiveCfg = Debug|x64
		{8B6F7DEA-C32B-4D59-A565-AB14043A3167}.Debug|x64.Build.0 = Debug|x64
		{8B6F7DEA-C32B-4D59-A565-AB14043A3167}.Debug|x86.ActiveCfg = Debug|Win32
		{8B6F7DEA-C32B-4D59-A565-AB14043A3167}.Debug|x86.Build.0 = Debug|Win32
		{8B6F7DEA-C32B-4D59-A565-AB14043A3167}.Release|x64.ActiveCfg = Release|x64
		{8B6F7DEA-C32B-4D59-A565-AB14043A3167}.Release|x64.Build.0 = Release|x64
		{8B6F7DEA-C32B-4D59-A565-AB14043A3167}.Release|x86.ActiveCfg = Release|Win32
		{8B6F7DEA-C32B-4D59-A565-AB14043A3167}.Release|x86.Build.0 = Release|Win32
		{C7641A47-986A-46CE-A9CC-56A573934E88}.Debug|x64.ActiveCfg = Debug|x64
		{C7641A47-986A-46CE-A9CC-56A573934E88}.Debug|x64.Build.0 = Debug|x64
		{C7641A47-986A-46CE-A9CC-56A573934E88}.Debug|x86.ActiveCfg = Debug|Win32
		{C7641A47-986A-46CE-A9CC-56A573934E88}.Debug|x86.Build.0 = Debug|Win32
		{C7641A47-986A-46CE-A9CC-56A573934E88}.Release|x64.ActiveCfg = Release|x64
		{C7641A47-986A-46CE-A9CC-56A573934E88}.Release|x64.Build.0 = Release|x64
		{C7641A47-986A-46CE-A9CC-56A573934E88}.Release|x86.ActiveCfg = Release|Win32
		{C7641A47-986A-46CE-A9CC-56A573934E88}.Release|x86.Build.0 = Release|Win32
		{9AE94B97-522E-4F45-808D-4531FB6ED691}.Debug|x64.ActiveCfg = Debug|x64
		{9AE94B97-522E-4F45-808D-4531FB6ED691}.Debug|x64.Build.0 = Debug|x64
		{9AE94B97-522E-4F45-808D-4531FB6ED691}.Debug|x86.ActiveCfg = Debug|Win32
		{9AE94B97-522E-4F45-808D-4531FB6ED691}.Debug|x86.Build.0 = Debug|Win32
		{9AE94B97-522E-4F45-808D-4531FB6ED691}.Release|x64.ActiveCfg = Release|x64
		{9AE94B97-522E-4F45-808D-4531FB6ED691}.Release|x64.Build.0 = Release|x64
		{9AE94B97-522E-4F45-808D-4531FB6ED691}.Release|x86.ActiveCfg = Release|Win32
		{9AE94B97-522E-4F45-808D-4531FB6ED691}.Release|x86.Build.0 = Release|Win32
	EndGlobalSection
	GlobalSection(SolutionProperties) = preSolution
		HideSolutionNode = FALSE
	EndGlobalSection
EndGlobal
